
Microsoft Visual Studio Solution File, Format Version 12.00
# Visual Studio Version 17
VisualStudioVersion = 17.5.33627.172
MinimumVisualStudioVersion = 10.0.40219.1
Project("{FAE04EC0-301F-11D3-BF4B-00C04F79EFBC}") = "Custom_Generic_List", "Custom_Generic_List.csproj", "{86A8C143-B05C-47ED-BAFB-2E1A60513478}"
EndProject
Global
	GlobalSection(SolutionConfigurationPlatforms) = preSolution
		Debug|Any CPU = Debug|Any CPU
		Release|Any CPU = Release|Any CPU
	EndGlobalSection
	GlobalSection(ProjectConfigurationPlatforms) = postSolution
		{86A8C143-B05C-47ED-BAFB-2E1A60513478}.Debug|Any CPU.ActiveCfg = Debug|Any CPU
		{86A8C143-B05C-47ED-BAFB-2E1A60513478}.Debug|Any CPU.Build.0 = Debug|Any CPU
		{86A8C143-B05C-47ED-BAFB-2E1A60513478}.Release|Any CPU.ActiveCfg = Release|Any CPU
		{86A8C143-B05C-47ED-BAFB-2E1A60513478}.Release|Any CPU.Build.0 = Release|Any CPU
	EndGlobalSection
	GlobalSection(SolutionProperties) = preSolution
		HideSolutionNode = FALSE
	EndGlobalSection
	GlobalSection(ExtensibilityGlobals) = postSolution
		SolutionGuid = {254C293B-42CD-4695-AD07-790FF22ABABA}
	EndGlobalSection
EndGlobal
